{
  "name": "Testbus",
  "lockfileVersion": 3,
  "requires": true,
  "packages": {
    "": {
      "dependencies": {
        "bun": "^1.1.9",
        "fs": "^0.0.1-security"
      }
    },
    "node_modules/@oven/bun-darwin-aarch64": {
      "version": "1.1.9",
      "resolved": "https://registry.npmjs.org/@oven/bun-darwin-aarch64/-/bun-darwin-aarch64-1.1.9.tgz",
      "integrity": "sha512-t5YimxcRKx/pKO8mqifIOvI97xgQtlNFmuYmZnYdv5CJjagiBN3xv+a5LAQsYS/TPmP4sbKel9vB7SrYRekToA==",
      "cpu": [
        "arm64"
      ],
      "optional": true,
      "os": [
        "darwin"
      ]
    },
    "node_modules/@oven/bun-darwin-x64": {
      "version": "1.1.9",
      "resolved": "https://registry.npmjs.org/@oven/bun-darwin-x64/-/bun-darwin-x64-1.1.9.tgz",
      "integrity": "sha512-58gCtFrf1PCU++Om6qH4WKhcGvDrRqnH6KQQHaxmFqlJegeTu6q9cArulhD6xuEl7U6dIdZQrv2KHoEU/wJylw==",
      "cpu": [
        "x64"
      ],
      "optional": true,
      "os": [
        "darwin"
      ]
    },
    "node_modules/@oven/bun-darwin-x64-baseline": {
      "version": "1.1.9",
      "resolved": "https://registry.npmjs.org/@oven/bun-darwin-x64-baseline/-/bun-darwin-x64-baseline-1.1.9.tgz",
      "integrity": "sha512-agY30jyGM86EJ13PkvYIMBBVXxFyTf0N3PvYrJE6723Hr//R6j9i7UOvdWIqeE9YRjsJbPLhCjtViBSsJ2hPaw==",
      "cpu": [
        "x64"
      ],
      "optional": true,
      "os": [
        "darwin"
      ]
    },
    "node_modules/@oven/bun-linux-aarch64": {
      "version": "1.1.9",
      "resolved": "https://registry.npmjs.org/@oven/bun-linux-aarch64/-/bun-linux-aarch64-1.1.9.tgz",
      "integrity": "sha512-R0eiTHD2Po+uUfXQiqNvw0CuVuBMlAGLQ6UeYTx+60mkLLKJkws1+kq8VhBWYt40fg+BYlWcIoLsZ1sTNFlCNg==",
      "cpu": [
        "arm64"
      ],
      "optional": true,
      "os": [
        "linux"
      ]
    },
    "node_modules/@oven/bun-linux-x64": {
      "version": "1.1.9",
      "resolved": "https://registry.npmjs.org/@oven/bun-linux-x64/-/bun-linux-x64-1.1.9.tgz",
      "integrity": "sha512-GpXZKKmVTJp1zZFlBJp6v3aAcy9s2FlbdBSy2c3kNv8C7Vyn0ROi1N9/zU8Ug44my7fLImtTJA1wVjxdSHy+8g==",
      "cpu": [
        "x64"
      ],
      "optional": true,
      "os": [
        "linux"
      ]
    },
    "node_modules/@oven/bun-linux-x64-baseline": {
      "version": "1.1.9",
      "resolved": "https://registry.npmjs.org/@oven/bun-linux-x64-baseline/-/bun-linux-x64-baseline-1.1.9.tgz",
      "integrity": "sha512-vi/CKnXi1uzmFpI9TsSRwnXuf+fR6ZmzULyj4dKY/PGo09BIUc6iJ2fmTc2lXa519t7XEjP0MMYivb/HQp70Lw==",
      "cpu": [
        "x64"
      ],
      "optional": true,
      "os": [
        "linux"
      ]
    },
    "node_modules/@oven/bun-windows-x64": {
      "version": "1.1.9",
      "resolved": "https://registry.npmjs.org/@oven/bun-windows-x64/-/bun-windows-x64-1.1.9.tgz",
      "integrity": "sha512-7qgAkj/20m2GSd9JYAV1w3WoXKb+2i8Dc9STKdpBV14nEcHAcO0X/WfKvHLS+xnhFJ629TQioXXMPDHmWYjyFA==",
      "cpu": [
        "x64"
      ],
      "optional": true,
      "os": [
        "win32"
      ]
    },
    "node_modules/@oven/bun-windows-x64-baseline": {
      "version": "1.1.9",
      "resolved": "https://registry.npmjs.org/@oven/bun-windows-x64-baseline/-/bun-windows-x64-baseline-1.1.9.tgz",
      "integrity": "sha512-Noorqymq+AcEpbF0hIBSLVhEnLuXOw/pqxZx1adNxmkuVQqq0xhm7bI1dV88vH6aBFa1Ii7gfBxV9SaPh6ndTQ==",
      "cpu": [
        "x64"
      ],
      "optional": true,
      "os": [
        "win32"
      ]
    },
    "node_modules/bun": {
      "version": "1.1.9",
      "resolved": "https://registry.npmjs.org/bun/-/bun-1.1.9.tgz",
      "integrity": "sha512-imtKSi5ieJYZ8H/YJIUy1xY91izXTV0iE28399vKiq3vjNaVz9/kzEHqZKDZcofYtknfnc5Izo4qaB5kpmQ+Yg==",
      "cpu": [
        "arm64",
        "x64"
      ],
      "hasInstallScript": true,
      "os": [
        "darwin",
        "linux",
        "win32"
      ],
      "bin": {
        "bun": "bin/bun.exe",
        "bunx": "bin/bun.exe"
      },
      "optionalDependencies": {
        "@oven/bun-darwin-aarch64": "1.1.9",
        "@oven/bun-darwin-x64": "1.1.9",
        "@oven/bun-darwin-x64-baseline": "1.1.9",
        "@oven/bun-linux-aarch64": "1.1.9",
        "@oven/bun-linux-x64": "1.1.9",
        "@oven/bun-linux-x64-baseline": "1.1.9",
        "@oven/bun-windows-x64": "1.1.9",
        "@oven/bun-windows-x64-baseline": "1.1.9"
      }
    },
    "node_modules/fs": {
      "version": "0.0.1-security",
      "resolved": "https://registry.npmjs.org/fs/-/fs-0.0.1-security.tgz",
      "integrity": "sha512-3XY9e1pP0CVEUCdj5BmfIZxRBTSDycnbqhIOGec9QYtmVH2fbLpj86CFWkrNOkt/Fvty4KZG5lTglL9j/gJ87w==",
      "license": "ISC"
    }
  }
}
